
Microsoft Visual Studio Solution File, Format Version 12.00
# Visual Studio Version 17
VisualStudioVersion = 17.5.33530.505
MinimumVisualStudioVersion = 10.0.40219.1
Project("{FAE04EC0-301F-11D3-BF4B-00C04F79EFBC}") = "WebApplication12", "WebApplication12\WebApplication12.csproj", "{AD8BBE52-F7F0-4A61-BF40-A49E3417B673}"
EndProject
Global
	GlobalSection(SolutionConfigurationPlatforms) = preSolution
		Debug|Any CPU = Debug|Any CPU
		Release|Any CPU = Release|Any CPU
	EndGlobalSection
	GlobalSection(ProjectConfigurationPlatforms) = postSolution
		{AD8BBE52-F7F0-4A61-BF40-A49E3417B673}.Debug|Any CPU.ActiveCfg = Debug|Any CPU
		{AD8BBE52-F7F0-4A61-BF40-A49E3417B673}.Debug|Any CPU.Build.0 = Debug|Any CPU
		{AD8BBE52-F7F0-4A61-BF40-A49E3417B673}.Release|Any CPU.ActiveCfg = Release|Any CPU
		{AD8BBE52-F7F0-4A61-BF40-A49E3417B673}.Release|Any CPU.Build.0 = Release|Any CPU
	EndGlobalSection
	GlobalSection(SolutionProperties) = preSolution
		HideSolutionNode = FALSE
	EndGlobalSection
	GlobalSection(ExtensibilityGlobals) = postSolution
		SolutionGuid = {62C5B175-234C-43AB-9C60-A83D5B9840D3}
	EndGlobalSection
EndGlobal
